// !$*UTF8*$!
{
	archiveVersion = 1;
	classes = {
	};
	objectVersion = 56;
	objects = {

/* Begin PBXBuildFile section */
		A5A9CD3A2A18BDE700A83F4D /* dice2App.swift in Sources */ = {isa = PBXBuildFile; fileRef = A5A9CD392A18BDE700A83F4D /* dice2App.swift */; };
		A5A9CD3E2A18BDE900A83F4D /* Assets.xcassets in Resources */ = {isa = PBXBuildFile; fileRef = A5A9CD3D2A18BDE900A83F4D /* Assets.xcassets */; };
		A5A9CD422A18BDE900A83F4D /* Preview Assets.xcassets in Resources */ = {isa = PBXBuildFile; fileRef = A5A9CD412A18BDE900A83F4D /* Preview Assets.xcassets */; };
		A5A9CD4C2A18BDE900A83F4D /* dice2Tests.swift in Sources */ = {isa = PBXBuildFile; fileRef = A5A9CD4B2A18BDE900A83F4D /* dice2Tests.swift */; };
		A5A9CD562A18BDE900A83F4D /* dice2UITests.swift in Sources */ = {isa = PBXBuildFile; fileRef = A5A9CD552A18BDE900A83F4D /* dice2UITests.swift */; };
		A5A9CD582A18BDE900A83F4D /* dice2UITestsLaunchTests.swift in Sources */ = {isa = PBXBuildFile; fileRef = A5A9CD572A18BDE900A83F4D /* dice2UITestsLaunchTests.swift */; };
		A5A9CD6B2A18C8E100A83F4D /* rollDiceSound.mp3 in Resources */ = {isa = PBXBuildFile; fileRef = A5A9CD6A2A18C8E100A83F4D /* rollDiceSound.mp3 */; };
		A5A9CDE32A270F7F00A83F4D /* ContentView.swift in Sources */ = {isa = PBXBuildFile; fileRef = A5A9CD3B2A18BDE700A83F4D /* ContentView.swift */; };
/* End PBXBuildFile section */

/* Begin PBXContainerItemProxy section */
		A5A9CD482A18BDE900A83F4D /* PBXContainerItemProxy */ = {
			isa = PBXContainerItemProxy;
			containerPortal = A5A9CD2E2A18BDE700A83F4D /* Project object */;
			proxyType = 1;
			remoteGlobalIDString = A5A9CD352A18BDE700A83F4D;
			remoteInfo = dice2;
		};
		A5A9CD522A18BDE900A83F4D /* PBXContainerItemProxy */ = {
			isa = PBXContainerItemProxy;
			containerPortal = A5A9CD2E2A18BDE700A83F4D /* Project object */;
			proxyType = 1;
			remoteGlobalIDString = A5A9CD352A18BDE700A83F4D;
			remoteInfo = dice2;
		};
/* End PBXContainerItemProxy section */

/* Begin PBXFileReference section */
		A5A9CD362A18BDE700A83F4D /* dice2.app */ = {isa = PBXFileReference; explicitFileType = wrapper.application; includeInIndex = 0; path = dice2.app; sourceTree = BUILT_PRODUCTS_DIR; };
		A5A9CD392A18BDE700A83F4D /* dice2App.swift */ = {isa = PBXFileReference; lastKnownFileType = sourcecode.swift; path = dice2App.swift; sourceTree = "<group>"; };
		A5A9CD3B2A18BDE700A83F4D /* ContentView.swift */ = {isa = PBXFileReference; lastKnownFileType = sourcecode.swift; path = ContentView.swift; sourceTree = "<group>"; };
		A5A9CD3D2A18BDE900A83F4D /* Assets.xcassets */ = {isa = PBXFileReference; lastKnownFileType = folder.assetcatalog; path = Assets.xcassets; sourceTree = "<group>"; };
		A5A9CD3F2A18BDE900A83F4D /* dice2.entitlements */ = {isa = PBXFileReference; lastKnownFileType = text.plist.entitlements; path = dice2.entitlements; sourceTree = "<group>"; };
		A5A9CD412A18BDE900A83F4D /* Preview Assets.xcassets */ = {isa = PBXFileReference; lastKnownFileType = folder.assetcatalog; path = "Preview Assets.xcassets"; sourceTree = "<group>"; };
		A5A9CD472A18BDE900A83F4D /* dice2Tests.xctest */ = {isa = PBXFileReference; explicitFileType = wrapper.cfbundle; includeInIndex = 0; path = dice2Tests.xctest; sourceTree = BUILT_PRODUCTS_DIR; };
		A5A9CD4B2A18BDE900A83F4D /* dice2Tests.swift */ = {isa = PBXFileReference; lastKnownFileType = sourcecode.swift; path = dice2Tests.swift; sourceTree = "<group>"; };
		A5A9CD512A18BDE900A83F4D /* dice2UITests.xctest */ = {isa = PBXFileReference; explicitFileType = wrapper.cfbundle; includeInIndex = 0; path = dice2UITests.xctest; sourceTree = BUILT_PRODUCTS_DIR; };
		A5A9CD552A18BDE900A83F4D /* dice2UITests.swift */ = {isa = PBXFileReference; lastKnownFileType = sourcecode.swift; path = dice2UITests.swift; sourceTree = "<group>"; };
		A5A9CD572A18BDE900A83F4D /* dice2UITestsLaunchTests.swift */ = {isa = PBXFileReference; lastKnownFileType = sourcecode.swift; path = dice2UITestsLaunchTests.swift; sourceTree = "<group>"; };
		A5A9CD6A2A18C8E100A83F4D /* rollDiceSound.mp3 */ = {isa = PBXFileReference; lastKnownFileType = audio.mp3; name = rollDiceSound.mp3; path = "../../../../Downloads/dice-main-2/dice/rollDiceSound.mp3"; sourceTree = "<group>"; };
/* End PBXFileReference section */

/* Begin PBXFrameworksBuildPhase section */
		A5A9CD332A18BDE700A83F4D /* Frameworks */ = {
			isa = PBXFrameworksBuildPhase;
			buildActionMask = 2147483647;
			files = (
			);
			runOnlyForDeploymentPostprocessing = 0;
		};
		A5A9CD442A18BDE900A83F4D /* Frameworks */ = {
			isa = PBXFrameworksBuildPhase;
			buildActionMask = 2147483647;
			files = (
			);
			runOnlyForDeploymentPostprocessing = 0;
		};
		A5A9CD4E2A18BDE900A83F4D /* Frameworks */ = {
			isa = PBXFrameworksBuildPhase;
			buildActionMask = 2147483647;
			files = (
			);
			runOnlyForDeploymentPostprocessing = 0;
		};
/* End PBXFrameworksBuildPhase section */

/* Begin PBXGroup section */
		A5A9CD2D2A18BDE700A83F4D = {
			isa = PBXGroup;
			children = (
				A5A9CD382A18BDE700A83F4D /* dice2 */,
				A5A9CD4A2A18BDE900A83F4D /* dice2Tests */,
				A5A9CD542A18BDE900A83F4D /* dice2UITests */,
				A5A9CD372A18BDE700A83F4D /* Products */,
			);
			sourceTree = "<group>";
		};
		A5A9CD372A18BDE700A83F4D /* Products */ = {
			isa = PBXGroup;
			children = (
				A5A9CD362A18BDE700A83F4D /* dice2.app */,
				A5A9CD472A18BDE900A83F4D /* dice2Tests.xctest */,
				A5A9CD512A18BDE900A83F4D /* dice2UITests.xctest */,
			);
			name = Products;
			sourceTree = "<group>";
		};
		A5A9CD382A18BDE700A83F4D /* dice2 */ = {
			isa = PBXGroup;
			children = (
				A5A9CD6A2A18C8E100A83F4D /* rollDiceSound.mp3 */,
				A5A9CD392A18BDE700A83F4D /* dice2App.swift */,
				A5A9CD3B2A18BDE700A83F4D /* ContentView.swift */,
				A5A9CD3D2A18BDE900A83F4D /* Assets.xcassets */,
				A5A9CD3F2A18BDE900A83F4D /* dice2.entitlements */,
				A5A9CD402A18BDE900A83F4D /* Preview Content */,
			);
			path = dice2;
			sourceTree = "<group>";
		};
		A5A9CD402A18BDE900A83F4D /* Preview Content */ = {
			isa = PBXGroup;
			children = (
				A5A9CD412A18BDE900A83F4D /* Preview Assets.xcassets */,
			);
			path = "Preview Content";
			sourceTree = "<group>";
		};
		A5A9CD4A2A18BDE900A83F4D /* dice2Tests */ = {
			isa = PBXGroup;
			children = (
				A5A9CD4B2A18BDE900A83F4D /* dice2Tests.swift */,
			);
			path = dice2Tests;
			sourceTree = "<group>";
		};
		A5A9CD542A18BDE900A83F4D /* dice2UITests */ = {
			isa = PBXGroup;
			children = (
				A5A9CD552A18BDE900A83F4D /* dice2UITests.swift */,
				A5A9CD572A18BDE900A83F4D /* dice2UITestsLaunchTests.swift */,
			);
			path = dice2UITests;
			sourceTree = "<group>";
		};
/* End PBXGroup section */

/* Begin PBXNativeTarget section */
		A5A9CD352A18BDE700A83F4D /* dice2 */ = {
			isa = PBXNativeTarget;
			buildConfigurationList = A5A9CD5B2A18BDE900A83F4D /* Build configuration list for PBXNativeTarget "dice2" */;
			buildPhases = (
				A5A9CD322A18BDE700A83F4D /* Sources */,
				A5A9CD332A18BDE700A83F4D /* Frameworks */,
				A5A9CD342A18BDE700A83F4D /* Resources */,
			);
			buildRules = (
			);
			dependencies = (
			);
			name = dice2;
			productName = dice2;
			productReference = A5A9CD362A18BDE700A83F4D /* dice2.app */;
			productType = "com.apple.product-type.application";
		};
		A5A9CD462A18BDE900A83F4D /* dice2Tests */ = {
			isa = PBXNativeTarget;
			buildConfigurationList = A5A9CD5E2A18BDE900A83F4D /* Build configuration list for PBXNativeTarget "dice2Tests" */;
			buildPhases = (
				A5A9CD432A18BDE900A83F4D /* Sources */,
				A5A9CD442A18BDE900A83F4D /* Frameworks */,
				A5A9CD452A18BDE900A83F4D /* Resources */,
			);
			buildRules = (
			);
			dependencies = (
				A5A9CD492A18BDE900A83F4D /* PBXTargetDependency */,
			);
			name = dice2Tests;
			productName = dice2Tests;
			productReference = A5A9CD472A18BDE900A83F4D /* dice2Tests.xctest */;
			productType = "com.apple.product-type.bundle.unit-test";
		};
		A5A9CD502A18BDE900A83F4D /* dice2UITests */ = {
			isa = PBXNativeTarget;
			buildConfigurationList = A5A9CD612A18BDE900A83F4D /* Build configuration list for PBXNativeTarget "dice2UITests" */;
			buildPhases = (
				A5A9CD4D2A18BDE900A83F4D /* Sources */,
				A5A9CD4E2A18BDE900A83F4D /* Frameworks */,
				A5A9CD4F2A18BDE900A83F4D /* Resources */,
			);
			buildRules = (
			);
			dependencies = (
				A5A9CD532A18BDE900A83F4D /* PBXTargetDependency */,
			);
			name = dice2UITests;
			productName = dice2UITests;
			productReference = A5A9CD512A18BDE900A83F4D /* dice2UITests.xctest */;
			productType = "com.apple.product-type.bundle.ui-testing";
		};
/* End PBXNativeTarget section */

/* Begin PBXProject section */
		A5A9CD2E2A18BDE700A83F4D /* Project object */ = {
			isa = PBXProject;
			attributes = {
				BuildIndependentTargetsInParallel = 1;
				LastSwiftUpdateCheck = 1430;
				LastUpgradeCheck = 1430;
				TargetAttributes = {
					A5A9CD352A18BDE700A83F4D = {
						CreatedOnToolsVersion = 14.3;
					};
					A5A9CD462A18BDE900A83F4D = {
						CreatedOnToolsVersion = 14.3;
						TestTargetID = A5A9CD352A18BDE700A83F4D;
					};
					A5A9CD502A18BDE900A83F4D = {
						CreatedOnToolsVersion = 14.3;
						TestTargetID = A5A9CD352A18BDE700A83F4D;
					};
				};
			};
			buildConfigurationList = A5A9CD312A18BDE700A83F4D /* Build configuration list for PBXProject "dice2" */;
			compatibilityVersion = "Xcode 14.0";
			developmentRegion = en;
			hasScannedForEncodings = 0;
			knownRegions = (
				en,
				Base,
			);
			mainGroup = A5A9CD2D2A18BDE700A83F4D;
			productRefGroup = A5A9CD372A18BDE700A83F4D /* Products */;
			projectDirPath = "";
			projectRoot = "";
			targets = (
				A5A9CD352A18BDE700A83F4D /* dice2 */,
				A5A9CD462A18BDE900A83F4D /* dice2Tests */,
				A5A9CD502A18BDE900A83F4D /* dice2UITests */,
			);
		};
/* End PBXProject section */

/* Begin PBXResourcesBuildPhase section */
		A5A9CD342A18BDE700A83F4D /* Resources */ = {
			isa = PBXResourcesBuildPhase;
			buildActionMask = 2147483647;
			files = (
				A5A9CD6B2A18C8E100A83F4D /* rollDiceSound.mp3 in Resources */,
				A5A9CD422A18BDE900A83F4D /* Preview Assets.xcassets in Resources */,
				A5A9CD3E2A18BDE900A83F4D /* Assets.xcassets in Resources */,
			);
			runOnlyForDeploymentPostprocessing = 0;
		};
		A5A9CD452A18BDE900A83F4D /* Resources */ = {
			isa = PBXResourcesBuildPhase;
			buildActionMask = 2147483647;
			files = (
			);
			runOnlyForDeploymentPostprocessing = 0;
		};
		A5A9CD4F2A18BDE900A83F4D /* Resources */ = {
			isa = PBXResourcesBuildPhase;
			buildActionMask = 2147483647;
			files = (
			);
			runOnlyForDeploymentPostprocessing = 0;
		};
/* End PBXResourcesBuildPhase section */

/* Begin PBXSourcesBuildPhase section */
		A5A9CD322A18BDE700A83F4D /* Sources */ = {
			isa = PBXSourcesBuildPhase;
			buildActionMask = 2147483647;
			files = (
				A5A9CDE32A270F7F00A83F4D /* ContentView.swift in Sources */,
				A5A9CD3A2A18BDE700A83F4D /* dice2App.swift in Sources */,
			);
			runOnlyForDeploymentPostprocessing = 0;
		};
		A5A9CD432A18BDE900A83F4D /* Sources */ = {
			isa = PBXSourcesBuildPhase;
			buildActionMask = 2147483647;
			files = (
				A5A9CD4C2A18BDE900A83F4D /* dice2Tests.swift in Sources */,
			);
			runOnlyForDeploymentPostprocessing = 0;
		};
		A5A9CD4D2A18BDE900A83F4D /* Sources */ = {
			isa = PBXSourcesBuildPhase;
			buildActionMask = 2147483647;
			files = (
				A5A9CD582A18BDE900A83F4D /* dice2UITestsLaunchTests.swift in Sources */,
				A5A9CD562A18BDE900A83F4D /* dice2UITests.swift in Sources */,
			);
			runOnlyForDeploymentPostprocessing = 0;
		};
/* End PBXSourcesBuildPhase section */

/* Begin PBXTargetDependency section */
		A5A9CD492A18BDE900A83F4D /* PBXTargetDependency */ = {
			isa = PBXTargetDependency;
			target = A5A9CD352A18BDE700A83F4D /* dice2 */;
			targetProxy = A5A9CD482A18BDE900A83F4D /* PBXContainerItemProxy */;
		};
		A5A9CD532A18BDE900A83F4D /* PBXTargetDependency */ = {
			isa = PBXTargetDependency;
			target = A5A9CD352A18BDE700A83F4D /* dice2 */;
			targetProxy = A5A9CD522A18BDE900A83F4D /* PBXContainerItemProxy */;
		};
/* End PBXTargetDependency section */

/* Begin XCBuildConfiguration section */
		A5A9CD592A18BDE900A83F4D /* Debug */ = {
			isa = XCBuildConfiguration;
			buildSettings = {
				ALWAYS_SEARCH_USER_PATHS = NO;
				CLANG_ANALYZER_NONNULL = YES;
				CLANG_ANALYZER_NUMBER_OBJECT_CONVERSION = YES_AGGRESSIVE;
				CLANG_CXX_LANGUAGE_STANDARD = "gnu++20";
				CLANG_ENABLE_MODULES = YES;
				CLANG_ENABLE_OBJC_ARC = YES;
				CLANG_ENABLE_OBJC_WEAK = YES;
				CLANG_WARN_BLOCK_CAPTURE_AUTORELEASING = YES;
				CLANG_WARN_BOOL_CONVERSION = YES;
				CLANG_WARN_COMMA = YES;
				CLANG_WARN_CONSTANT_CONVERSION = YES;
				CLANG_WARN_DEPRECATED_OBJC_IMPLEMENTATIONS = YES;
				CLANG_WARN_DIRECT_OBJC_ISA_USAGE = YES_ERROR;
				CLANG_WARN_DOCUMENTATION_COMMENTS = YES;
				CLANG_WARN_EMPTY_BODY = YES;
				CLANG_WARN_ENUM_CONVERSION = YES;
				CLANG_WARN_INFINITE_RECURSION = YES;
				CLANG_WARN_INT_CONVERSION = YES;
				CLANG_WARN_NON_LITERAL_NULL_CONVERSION = YES;
				CLANG_WARN_OBJC_IMPLICIT_RETAIN_SELF = YES;
				CLANG_WARN_OBJC_LITERAL_CONVERSION = YES;
				CLANG_WARN_OBJC_ROOT_CLASS = YES_ERROR;
				CLANG_WARN_QUOTED_INCLUDE_IN_FRAMEWORK_HEADER = YES;
				CLANG_WARN_RANGE_LOOP_ANALYSIS = YES;
				CLANG_WARN_STRICT_PROTOTYPES = YES;
				CLANG_WARN_SUSPICIOUS_MOVE = YES;
				CLANG_WARN_UNGUARDED_AVAILABILITY = YES_AGGRESSIVE;
				CLANG_WARN_UNREACHABLE_CODE = YES;
				CLANG_WARN__DUPLICATE_METHOD_MATCH = YES;
				COPY_PHASE_STRIP = NO;
				DEBUG_INFORMATION_FORMAT = dwarf;
				ENABLE_STRICT_OBJC_MSGSEND = YES;
				ENABLE_TESTABILITY = YES;
				GCC_C_LANGUAGE_STANDARD = gnu11;
				GCC_DYNAMIC_NO_PIC = NO;
				GCC_NO_COMMON_BLOCKS = YES;
				GCC_OPTIMIZATION_LEVEL = 0;
				GCC_PREPROCESSOR_DEFINITIONS = (
					"DEBUG=1",
					"$(inherited)",
				);
				GCC_WARN_64_TO_32_BIT_CONVERSION = YES;
				GCC_WARN_ABOUT_RETURN_TYPE = YES_ERROR;
				GCC_WARN_UNDECLARED_SELECTOR = YES;
				GCC_WARN_UNINITIALIZED_AUTOS = YES_AGGRESSIVE;
				GCC_WARN_UNUSED_FUNCTION = YES;
				GCC_WARN_UNUSED_VARIABLE = YES;
				IPHONEOS_DEPLOYMENT_TARGET = 16.4;
				MTL_ENABLE_DEBUG_INFO = INCLUDE_SOURCE;
				MTL_FAST_MATH = YES;
				ONLY_ACTIVE_ARCH = YES;
				SWIFT_ACTIVE_COMPILATION_CONDITIONS = DEBUG;
				SWIFT_OPTIMIZATION_LEVEL = "-Onone";
			};
			name = Debug;
		};
		A5A9CD5A2A18BDE900A83F4D /* Release */ = {
			isa = XCBuildConfiguration;
			buildSettings = {
				ALWAYS_SEARCH_USER_PATHS = NO;
				CLANG_ANALYZER_NONNULL = YES;
				CLANG_ANALYZER_NUMBER_OBJECT_CONVERSION = YES_AGGRESSIVE;
				CLANG_CXX_LANGUAGE_STANDARD = "gnu++20";
				CLANG_ENABLE_MODULES = YES;
				CLANG_ENABLE_OBJC_ARC = YES;
				CLANG_ENABLE_OBJC_WEAK = YES;
				CLANG_WARN_BLOCK_CAPTURE_AUTORELEASING = YES;
				CLANG_WARN_BOOL_CONVERSION = YES;
				CLANG_WARN_COMMA = YES;
				CLANG_WARN_CONSTANT_CONVERSION = YES;
				CLANG_WARN_DEPRECATED_OBJC_IMPLEMENTATIONS = YES;
				CLANG_WARN_DIRECT_OBJC_ISA_USAGE = YES_ERROR;
				CLANG_WARN_DOCUMENTATION_COMMENTS = YES;
				CLANG_WARN_EMPTY_BODY = YES;
				CLANG_WARN_ENUM_CONVERSION = YES;
				CLANG_WARN_INFINITE_RECURSION = YES;
				CLANG_WARN_INT_CONVERSION = YES;
				CLANG_WARN_NON_LITERAL_NULL_CONVERSION = YES;
				CLANG_WARN_OBJC_IMPLICIT_RETAIN_SELF = YES;
				CLANG_WARN_OBJC_LITERAL_CONVERSION = YES;
				CLANG_WARN_OBJC_ROOT_CLASS = YES_ERROR;
				CLANG_WARN_QUOTED_INCLUDE_IN_FRAMEWORK_HEADER = YES;
				CLANG_WARN_RANGE_LOOP_ANALYSIS = YES;
				CLANG_WARN_STRICT_PROTOTYPES = YES;
				CLANG_WARN_SUSPICIOUS_MOVE = YES;
				CLANG_WARN_UNGUARDED_AVAILABILITY = YES_AGGRESSIVE;
				CLANG_WARN_UNREACHABLE_CODE = YES;
				CLANG_WARN__DUPLICATE_METHOD_MATCH = YES;
				COPY_PHASE_STRIP = NO;
				DEBUG_INFORMATION_FORMAT = "dwarf-with-dsym";
				ENABLE_NS_ASSERTIONS = NO;
				ENABLE_STRICT_OBJC_MSGSEND = YES;
				GCC_C_LANGUAGE_STANDARD = gnu11;
				GCC_NO_COMMON_BLOCKS = YES;
				GCC_WARN_64_TO_32_BIT_CONVERSION = YES;
				GCC_WARN_ABOUT_RETURN_TYPE = YES_ERROR;
				GCC_WARN_UNDECLARED_SELECTOR = YES;
				GCC_WARN_UNINITIALIZED_AUTOS = YES_AGGRESSIVE;
				GCC_WARN_UNUSED_FUNCTION = YES;
				GCC_WARN_UNUSED_VARIABLE = YES;
				IPHONEOS_DEPLOYMENT_TARGET = 16.4;
				MTL_ENABLE_DEBUG_INFO = NO;
				MTL_FAST_MATH = YES;
				SWIFT_COMPILATION_MODE = wholemodule;
				SWIFT_OPTIMIZATION_LEVEL = "-O";
			};
			name = Release;
		};
		A5A9CD5C2A18BDE900A83F4D /* Debug */ = {
			isa = XCBuildConfiguration;
			buildSettings = {
				ASSETCATALOG_COMPILER_APPICON_NAME = AppIcon;
				ASSETCATALOG_COMPILER_GLOBAL_ACCENT_COLOR_NAME = AccentColor;
				CODE_SIGN_ENTITLEMENTS = dice2/dice2.entitlements;
				CODE_SIGN_STYLE = Automatic;
				CURRENT_PROJECT_VERSION = 1;
				DEVELOPMENT_ASSET_PATHS = "\"dice2/Preview Content\"";
				DEVELOPMENT_TEAM = MVXULKLYXD;
				ENABLE_HARDENED_RUNTIME = YES;
				ENABLE_PREVIEWS = YES;
				GENERATE_INFOPLIST_FILE = YES;
				"INFOPLIST_KEY_UIApplicationSceneManifest_Generation[sdk=iphoneos*]" = YES;
				"INFOPLIST_KEY_UIApplicationSceneManifest_Generation[sdk=iphonesimulator*]" = YES;
				"INFOPLIST_KEY_UIApplicationSupportsIndirectInputEvents[sdk=iphoneos*]" = YES;
				"INFOPLIST_KEY_UIApplicationSupportsIndirectInputEvents[sdk=iphonesimulator*]" = YES;
				"INFOPLIST_KEY_UILaunchScreen_Generation[sdk=iphoneos*]" = YES;
				"INFOPLIST_KEY_UILaunchScreen_Generation[sdk=iphonesimulator*]" = YES;
				"INFOPLIST_KEY_UIStatusBarStyle[sdk=iphoneos*]" = UIStatusBarStyleDefault;
				"INFOPLIST_KEY_UIStatusBarStyle[sdk=iphonesimulator*]" = UIStatusBarStyleDefault;
				INFOPLIST_KEY_UISupportedInterfaceOrientations_iPad = "UIInterfaceOrientationPortrait UIInterfaceOrientationPortraitUpsideDown UIInterfaceOrientationLandscapeLeft UIInterfaceOrientationLandscapeRight";
				INFOPLIST_KEY_UISupportedInterfaceOrientations_iPhone = "UIInterfaceOrientationPortrait UIInterfaceOrientationLandscapeLeft UIInterfaceOrientationLandscapeRight";
				IPHONEOS_DEPLOYMENT_TARGET = 16.4;
				LD_RUNPATH_SEARCH_PATHS = "@executable_path/Frameworks";
				"LD_RUNPATH_SEARCH_PATHS[sdk=macosx*]" = "@executable_path/../Frameworks";
				MACOSX_DEPLOYMENT_TARGET = 13.3;
				MARKETING_VERSION = 1.0;
				PRODUCT_BUNDLE_IDENTIFIER = ian.dice2;
				PRODUCT_NAME = "$(TARGET_NAME)";
				SDKROOT = auto;
				SUPPORTED_PLATFORMS = "iphoneos iphonesimulator macosx";
				SWIFT_EMIT_LOC_STRINGS = YES;
				SWIFT_VERSION = 5.0;
				TARGETED_DEVICE_FAMILY = "1,2";
			};
			name = Debug;
		};
		A5A9CD5D2A18BDE900A83F4D /* Release */ = {
			isa = XCBuildConfiguration;
			buildSettings = {
				ASSETCATALOG_COMPILER_APPICON_NAME = AppIcon;
				ASSETCATALOG_COMPILER_GLOBAL_ACCENT_COLOR_NAME = AccentColor;
				CODE_SIGN_ENTITLEMENTS = dice2/dice2.entitlements;
				CODE_SIGN_STYLE = Automatic;
				CURRENT_PROJECT_VERSION = 1;
				DEVELOPMENT_ASSET_PATHS = "\"dice2/Preview Content\"";
				DEVELOPMENT_TEAM = MVXULKLYXD;
				ENABLE_HARDENED_RUNTIME = YES;
				ENABLE_PREVIEWS = YES;
				GENERATE_INFOPLIST_FILE = YES;
				"INFOPLIST_KEY_UIApplicationSceneManifest_Generation[sdk=iphoneos*]" = YES;
				"INFOPLIST_KEY_UIApplicationSceneManifest_Generation[sdk=iphonesimulator*]" = YES;
				"INFOPLIST_KEY_UIApplicationSupportsIndirectInputEvents[sdk=iphoneos*]" = YES;
				"INFOPLIST_KEY_UIApplicationSupportsIndirectInputEvents[sdk=iphonesimulator*]" = YES;
				"INFOPLIST_KEY_UILaunchScreen_Generation[sdk=iphoneos*]" = YES;
				"INFOPLIST_KEY_UILaunchScreen_Generation[sdk=iphonesimulator*]" = YES;
				"INFOPLIST_KEY_UIStatusBarStyle[sdk=iphoneos*]" = UIStatusBarStyleDefault;
				"INFOPLIST_KEY_UIStatusBarStyle[sdk=iphonesimulator*]" = UIStatusBarStyleDefault;
				INFOPLIST_KEY_UISupportedInterfaceOrientations_iPad = "UIInterfaceOrientationPortrait UIInterfaceOrientationPortraitUpsideDown UIInterfaceOrientationLandscapeLeft UIInterfaceOrientationLandscapeRight";
				INFOPLIST_KEY_UISupportedInterfaceOrientations_iPhone = "UIInterfaceOrientationPortrait UIInterfaceOrientationLandscapeLeft UIInterfaceOrientationLandscapeRight";
				IPHONEOS_DEPLOYMENT_TARGET = 16.4;
				LD_RUNPATH_SEARCH_PATHS = "@executable_path/Frameworks";
				"LD_RUNPATH_SEARCH_PATHS[sdk=macosx*]" = "@executable_path/../Frameworks";
				MACOSX_DEPLOYMENT_TARGET = 13.3;
				MARKETING_VERSION = 1.0;
				PRODUCT_BUNDLE_IDENTIFIER = ian.dice2;
				PRODUCT_NAME = "$(TARGET_NAME)";
				SDKROOT = auto;
				SUPPORTED_PLATFORMS = "iphoneos iphonesimulator macosx";
				SWIFT_EMIT_LOC_STRINGS = YES;
				SWIFT_VERSION = 5.0;
				TARGETED_DEVICE_FAMILY = "1,2";
			};
			name = Release;
		};
		A5A9CD5F2A18BDE900A83F4D /* Debug */ = {
			isa = XCBuildConfiguration;
			buildSettings = {
				ALWAYS_EMBED_SWIFT_STANDARD_LIBRARIES = YES;
				BUNDLE_LOADER = "$(TEST_HOST)";
				CODE_SIGN_STYLE = Automatic;
				CURRENT_PROJECT_VERSION = 1;
				DEVELOPMENT_TEAM = MVXULKLYXD;
				GENERATE_INFOPLIST_FILE = YES;
				IPHONEOS_DEPLOYMENT_TARGET = 16.4;
				MACOSX_DEPLOYMENT_TARGET = 13.3;
				MARKETING_VERSION = 1.0;
				PRODUCT_BUNDLE_IDENTIFIER = ian.dice2Tests;
				PRODUCT_NAME = "$(TARGET_NAME)";
				SDKROOT = auto;
				SUPPORTED_PLATFORMS = "iphoneos iphonesimulator macosx";
				SWIFT_EMIT_LOC_STRINGS = NO;
				SWIFT_VERSION = 5.0;
				TARGETED_DEVICE_FAMILY = "1,2";
				TEST_HOST = "$(BUILT_PRODUCTS_DIR)/dice2.app/$(BUNDLE_EXECUTABLE_FOLDER_PATH)/dice2";
			};
			name = Debug;
		};
		A5A9CD602A18BDE900A83F4D /* Release */ = {
			isa = XCBuildConfiguration;
			buildSettings = {
				ALWAYS_EMBED_SWIFT_STANDARD_LIBRARIES = YES;
				BUNDLE_LOADER = "$(TEST_HOST)";
				CODE_SIGN_STYLE = Automatic;
				CURRENT_PROJECT_VERSION = 1;
				DEVELOPMENT_TEAM = MVXULKLYXD;
				GENERATE_INFOPLIST_FILE = YES;
				IPHONEOS_DEPLOYMENT_TARGET = 16.4;
				MACOSX_DEPLOYMENT_TARGET = 13.3;
				MARKETING_VERSION = 1.0;
				PRODUCT_BUNDLE_IDENTIFIER = ian.dice2Tests;
				PRODUCT_NAME = "$(TARGET_NAME)";
				SDKROOT = auto;
				SUPPORTED_PLATFORMS = "iphoneos iphonesimulator macosx";
				SWIFT_EMIT_LOC_STRINGS = NO;
				SWIFT_VERSION = 5.0;
				TARGETED_DEVICE_FAMILY = "1,2";
				TEST_HOST = "$(BUILT_PRODUCTS_DIR)/dice2.app/$(BUNDLE_EXECUTABLE_FOLDER_PATH)/dice2";
			};
			name = Release;
		};
		A5A9CD622A18BDE900A83F4D /* Debug */ = {
			isa = XCBuildConfiguration;
			buildSettings = {
				ALWAYS_EMBED_SWIFT_STANDARD_LIBRARIES = YES;
				CODE_SIGN_STYLE = Automatic;
				CURRENT_PROJECT_VERSION = 1;
				DEVELOPMENT_TEAM = MVXULKLYXD;
				GENERATE_INFOPLIST_FILE = YES;
				IPHONEOS_DEPLOYMENT_TARGET = 16.4;
				MACOSX_DEPLOYMENT_TARGET = 13.3;
				MARKETING_VERSION = 1.0;
				PRODUCT_BUNDLE_IDENTIFIER = ian.dice2UITests;
				PRODUCT_NAME = "$(TARGET_NAME)";
				SDKROOT = auto;
				SUPPORTED_PLATFORMS = "iphoneos iphonesimulator macosx";
				SWIFT_EMIT_LOC_STRINGS = NO;
				SWIFT_VERSION = 5.0;
				TARGETED_DEVICE_FAMILY = "1,2";
				TEST_TARGET_NAME = dice2;
			};
			name = Debug;
		};
		A5A9CD632A18BDE900A83F4D /* Release */ = {
			isa = XCBuildConfiguration;
			buildSettings = {
				ALWAYS_EMBED_SWIFT_STANDARD_LIBRARIES = YES;
				CODE_SIGN_STYLE = Automatic;
				CURRENT_PROJECT_VERSION = 1;
				DEVELOPMENT_TEAM = MVXULKLYXD;
				GENERATE_INFOPLIST_FILE = YES;
				IPHONEOS_DEPLOYMENT_TARGET = 16.4;
				MACOSX_DEPLOYMENT_TARGET = 13.3;
				MARKETING_VERSION = 1.0;
				PRODUCT_BUNDLE_IDENTIFIER = ian.dice2UITests;
				PRODUCT_NAME = "$(TARGET_NAME)";
				SDKROOT = auto;
				SUPPORTED_PLATFORMS = "iphoneos iphonesimulator macosx";
				SWIFT_EMIT_LOC_STRINGS = NO;
				SWIFT_VERSION = 5.0;
				TARGETED_DEVICE_FAMILY = "1,2";
				TEST_TARGET_NAME = dice2;
			};
			name = Release;
		};
/* End XCBuildConfiguration section */

/* Begin XCConfigurationList section */
		A5A9CD312A18BDE700A83F4D /* Build configuration list for PBXProject "dice2" */ = {
			isa = XCConfigurationList;
			buildConfigurations = (
				A5A9CD592A18BDE900A83F4D /* Debug */,
				A5A9CD5A2A18BDE900A83F4D /* Release */,
			);
			defaultConfigurationIsVisible = 0;
			defaultConfigurationName = Release;
		};
		A5A9CD5B2A18BDE900A83F4D /* Build configuration list for PBXNativeTarget "dice2" */ = {
			isa = XCConfigurationList;
			buildConfigurations = (
				A5A9CD5C2A18BDE900A83F4D /* Debug */,
				A5A9CD5D2A18BDE900A83F4D /* Release */,
			);
			defaultConfigurationIsVisible = 0;
			defaultConfigurationName = Release;
		};
		A5A9CD5E2A18BDE900A83F4D /* Build configuration list for PBXNativeTarget "dice2Tests" */ = {
			isa = XCConfigurationList;
			buildConfigurations = (
				A5A9CD5F2A18BDE900A83F4D /* Debug */,
				A5A9CD602A18BDE900A83F4D /* Release */,
			);
			defaultConfigurationIsVisible = 0;
			defaultConfigurationName = Release;
		};
		A5A9CD612A18BDE900A83F4D /* Build configuration list for PBXNativeTarget "dice2UITests" */ = {
			isa = XCConfigurationList;
			buildConfigurations = (
				A5A9CD622A18BDE900A83F4D /* Debug */,
				A5A9CD632A18BDE900A83F4D /* Release */,
			);
			defaultConfigurationIsVisible = 0;
			defaultConfigurationName = Release;
		};
/* End XCConfigurationList section */
	};
	rootObject = A5A9CD2E2A18BDE700A83F4D /* Project object */;
}
